
Microsoft Visual Studio Solution File, Format Version 12.00
# Visual Studio Version 17
VisualStudioVersion = 17.11.35303.130
MinimumVisualStudioVersion = 10.0.40219.1
Project("{FAE04EC0-301F-11D3-BF4B-00C04F79EFBC}") = "Taak1", "Taak1.csproj", "{88A127B7-FB17-4DDF-9DEE-A1ABAE92B782}"
EndProject
Global
	GlobalSection(SolutionConfigurationPlatforms) = preSolution
		Debug|Any CPU = Debug|Any CPU
		Release|Any CPU = Release|Any CPU
	EndGlobalSection
	GlobalSection(ProjectConfigurationPlatforms) = postSolution
		{88A127B7-FB17-4DDF-9DEE-A1ABAE92B782}.Debug|Any CPU.ActiveCfg = Debug|Any CPU
		{88A127B7-FB17-4DDF-9DEE-A1ABAE92B782}.Debug|Any CPU.Build.0 = Debug|Any CPU
		{88A127B7-FB17-4DDF-9DEE-A1ABAE92B782}.Release|Any CPU.ActiveCfg = Release|Any CPU
		{88A127B7-FB17-4DDF-9DEE-A1ABAE92B782}.Release|Any CPU.Build.0 = Release|Any CPU
	EndGlobalSection
	GlobalSection(SolutionProperties) = preSolution
		HideSolutionNode = FALSE
	EndGlobalSection
	GlobalSection(ExtensibilityGlobals) = postSolution
		SolutionGuid = {F9E6AC5F-E4EE-409E-8ECF-65DA2D248F6C}
	EndGlobalSection
EndGlobal
